{
  "requires": true,
  "lockfileVersion": 1,
  "dependencies": {
    "angular": {
      "version": "1.6.6",
      "resolved": "https://registry.npmjs.org/angular/-/angular-1.6.6.tgz",
      "integrity": "sha1-/Vo8+0N844LYVO4BEgeXl4Uny2Q="
    },
    "angular-animate": {
      "version": "1.6.6",
      "resolved": "https://registry.npmjs.org/angular-animate/-/angular-animate-1.6.6.tgz",
      "integrity": "sha1-aSVkexQaBA0kG/ElBA8aFQ/NinA="
    },
    "angular-cookies": {
      "version": "1.6.6",
      "resolved": "https://registry.npmjs.org/angular-cookies/-/angular-cookies-1.6.6.tgz",
      "integrity": "sha1-MRZC2v28T/fNaSILiSW4g1n7oUg="
    },
    "angular-deckgrid": {
      "version": "0.5.0",
      "resolved": "https://registry.npmjs.org/angular-deckgrid/-/angular-deckgrid-0.5.0.tgz",
      "integrity": "sha1-2BtLmuLQXM2QysAiloZvtDEF5cc="
    },
    "angular-file-upload": {
      "version": "2.5.0",
      "resolved": "https://registry.npmjs.org/angular-file-upload/-/angular-file-upload-2.5.0.tgz",
      "integrity": "sha1-D1PJP7xw7YuoNAqaKJumS2gOIWc="
    },
    "angular-save-html-to-pdf": {
      "version": "1.3.2",
      "resolved": "https://registry.npmjs.org/angular-save-html-to-pdf/-/angular-save-html-to-pdf-1.3.2.tgz",
      "integrity": "sha1-Vaj3V+tzexMHN8OnlZ6383IrRFg="
    },
    "angular-toastr": {
      "version": "2.1.1",
      "resolved": "https://registry.npmjs.org/angular-toastr/-/angular-toastr-2.1.1.tgz",
      "integrity": "sha1-n4NQykghRaRNARp1W4+zYj1gVEw="
    },
    "angular-ui-router": {
      "version": "0.4.3",
      "resolved": "https://registry.npmjs.org/angular-ui-router/-/angular-ui-router-0.4.3.tgz",
      "integrity": "sha512-EGBG7G7ArFVkJPM+ZIgPKuMYuT16UQrr3zj3BEiXHKwxss867bGt3u7QD9g4BxR+K2qQOSWok6JGvgTWXAko3A==",
      "requires": {
        "angular": "1.6.6"
      }
    },
    "bootstrap": {
      "version": "3.3.7",
      "resolved": "https://registry.npmjs.org/bootstrap/-/bootstrap-3.3.7.tgz",
      "integrity": "sha1-WjiTlFSfIzMIdaOxUGVldPip63E="
    },
    "bootstrap-multiselect": {
      "version": "0.9.13-1",
      "resolved": "https://registry.npmjs.org/bootstrap-multiselect/-/bootstrap-multiselect-0.9.13-1.tgz",
      "integrity": "sha1-LFfO4mCxjX8BpO3Z1l8l3wQl/So="
    },
    "font-awesome": {
      "version": "4.7.0",
      "resolved": "https://registry.npmjs.org/font-awesome/-/font-awesome-4.7.0.tgz",
      "integrity": "sha1-j6jPBBGhoxr9B7BtKQK7n8gVoTM="
    },
    "insert-css": {
      "version": "0.0.0",
      "resolved": "https://registry.npmjs.org/insert-css/-/insert-css-0.0.0.tgz",
      "integrity": "sha1-IwS/pviTq+y4/5yo2cdgXZTPKRE="
    },
    "jquery": {
      "version": "3.2.1",
      "resolved": "https://registry.npmjs.org/jquery/-/jquery-3.2.1.tgz",
      "integrity": "sha1-XE2d5lKvbNCncBVKYxu6ErAVx4c=",
      "dev": true
    },
    "ng-file-upload": {
      "version": "12.2.13",
      "resolved": "https://registry.npmjs.org/ng-file-upload/-/ng-file-upload-12.2.13.tgz",
      "integrity": "sha1-AYAPOHLlJvlTEPhHfpnk8S0NjRQ="
    },
    "normalize-css": {
      "version": "2.3.1",
      "resolved": "https://registry.npmjs.org/normalize-css/-/normalize-css-2.3.1.tgz",
      "integrity": "sha1-/APjuR46Uap6GDa657K2rG1R4VY=",
      "requires": {
        "insert-css": "0.0.0"
      }
    },
    "wangeditor": {
      "version": "3.0.12",
      "resolved": "https://registry.npmjs.org/wangeditor/-/wangeditor-3.0.12.tgz",
      "integrity": "sha1-93LKaOfmyNhkFGTDytlrXaGZsU8="
    }
  }
}
